
Microsoft Visual Studio Solution File, Format Version 12.00
# Visual Studio Version 17
VisualStudioVersion = 17.5.33424.131
MinimumVisualStudioVersion = 10.0.40219.1
Project("{FAE04EC0-301F-11D3-BF4B-00C04F79EFBC}") = "Aula-02", "Aula-02\Aula-02.csproj", "{7FBC7EA9-F6F3-4B22-A1B5-0EC6ED847976}"
EndProject
Global
	GlobalSection(SolutionConfigurationPlatforms) = preSolution
		Debug|Any CPU = Debug|Any CPU
		Release|Any CPU = Release|Any CPU
	EndGlobalSection
	GlobalSection(ProjectConfigurationPlatforms) = postSolution
		{7FBC7EA9-F6F3-4B22-A1B5-0EC6ED847976}.Debug|Any CPU.ActiveCfg = Debug|Any CPU
		{7FBC7EA9-F6F3-4B22-A1B5-0EC6ED847976}.Debug|Any CPU.Build.0 = Debug|Any CPU
		{7FBC7EA9-F6F3-4B22-A1B5-0EC6ED847976}.Release|Any CPU.ActiveCfg = Release|Any CPU
		{7FBC7EA9-F6F3-4B22-A1B5-0EC6ED847976}.Release|Any CPU.Build.0 = Release|Any CPU
	EndGlobalSection
	GlobalSection(SolutionProperties) = preSolution
		HideSolutionNode = FALSE
	EndGlobalSection
	GlobalSection(ExtensibilityGlobals) = postSolution
		SolutionGuid = {0F2EE55E-BCEE-44D8-A2C6-CCCD2C288DFB}
	EndGlobalSection
EndGlobal
